<?xml version="1.0" encoding="utf-8"?>
<Project ToolsVersion="4.0" xmlns="http://schemas.microsoft.com/developer/msbuild/2003">
  <ItemGroup>
    <Filter Include="Common">
      <UniqueIdentifier>43643dda-ec09-4a2c-86b2-0a851b11b4c1</UniqueIdentifier>
    </Filter>
    <Filter Include="Assets">
      <UniqueIdentifier>94e5f9e7-f036-4418-9426-645322cf5372</UniqueIdentifier>
      <Extensions>bmp;fbx;gif;jpg;jpeg;tga;tiff;tif;png</Extensions>
    </Filter>
    <Filter Include="Content">
      <UniqueIdentifier>5ec5b328-700f-4ac1-ba27-9923c1cf709e</UniqueIdentifier>
    </Filter>
    <ClInclude Include="Common\d3dx12.h">
      <Filter>Common</Filter>
    </ClInclude>
    <ClInclude Include="Common\DirectXHelper.h">
      <Filter>Common</Filter>
    </ClInclude>
    <ClInclude Include="Common\StepTimer.h">
      <Filter>Common</Filter>
    </ClInclude>
    <ClInclude Include="Common\DeviceResources.h">
      <Filter>Common</Filter>
    </ClInclude>
    <ClCompile Include="Common\DeviceResources.cpp">
      <Filter>Common</Filter>
    </ClCompile>
    <ClInclude Include="Content\Sample3DSceneRenderer.h">
      <Filter>Content</Filter>
    </ClInclude>
    <ClInclude Include="Content\ShaderStructures.h">
      <Filter>Content</Filter>
    </ClInclude>
    <ClCompile Include="Content\Sample3DSceneRenderer.cpp">
      <Filter>Content</Filter>
    </ClCompile>
    <FxCompile Include="Content\SamplePixelShader.hlsl">
      <Filter>Content</Filter>
    </FxCompile>
    <FxCompile Include="Content\SampleVertexShader.hlsl">
      <Filter>Content</Filter>
    </FxCompile>
    <Image Include="Assets\LockScreenLogo.scale-200.png">
      <Filter>Assets</Filter>
    </Image>
    <Image Include="Assets\SplashScreen.scale-200.png">
      <Filter>Assets</Filter>
    </Image>
    <Image Include="Assets\Square150x150Logo.scale-200.png">
      <Filter>Assets</Filter>
    </Image>
    <Image Include="Assets\Square44x44Logo.scale-200.png">
      <Filter>Assets</Filter>
    </Image>
    <Image Include="Assets\Square44x44Logo.targetsize-24_altform-unplated.png">
      <Filter>Assets</Filter>
    </Image>
    <Image Include="Assets\StoreLogo.png">
      <Filter>Assets</Filter>
    </Image>
    <Image Include="Assets\Wide310x150Logo.scale-200.png">
      <Filter>Assets</Filter>
    </Image>
    <Filter Include="3DModels">
      <UniqueIdentifier>{ef73e209-11e2-485b-b123-d9f3ead125b8}</UniqueIdentifier>
    </Filter>
    <Filter Include="3DModels\Terra">
      <UniqueIdentifier>{7c029785-d317-49f6-b82e-b32357025337}</UniqueIdentifier>
    </Filter>
    <Filter Include="3DModels\Terra\Model">
      <UniqueIdentifier>{3dbf8993-b1c9-4dac-a847-7edc5c40b4e1}</UniqueIdentifier>
    </Filter>
    <Filter Include="3DModels\Terra\Model\png">
      <UniqueIdentifier>{c67af875-90f8-41ea-bfec-93eafdeba101}</UniqueIdentifier>
    </Filter>
  </ItemGroup>
  <ItemGroup>
    <ClCompile Include="App.cpp" />
    <ClCompile Include="LitEngineMain.cpp" />
    <ClCompile Include="pch.cpp" />
    <ClCompile Include="Common\Model.cpp">
      <Filter>Common</Filter>
    </ClCompile>
  </ItemGroup>
  <ItemGroup>
    <ClInclude Include="App.h" />
    <ClInclude Include="LitEngineMain.h" />
    <ClInclude Include="pch.h" />
    <ClInclude Include="Common\Model.h">
      <Filter>Common</Filter>
    </ClInclude>
    <ClInclude Include="resource.h" />
  </ItemGroup>
  <ItemGroup>
    <AppxManifest Include="Package.appxmanifest" />
  </ItemGroup>
  <ItemGroup>
    <Text Include="Harmony.txt" />
    <Text Include="..\x64\Debug\LitEngine\AppX\Terra.txt">
      <Filter>3DModels\Terra</Filter>
    </Text>
    <Text Include="..\Zelda.txt" />
  </ItemGroup>
  <ItemGroup>
    <ResourceCompile Include="LitEngine.rc" />
  </ItemGroup>
  <ItemGroup>
    <Image Include="3DModels\m_body_ao.png">
      <Filter>3DModels</Filter>
    </Image>
    <Image Include="3DModels\m_body_nrm.png">
      <Filter>3DModels</Filter>
    </Image>
    <Image Include="3DModels\m_body_rgh.png">
      <Filter>3DModels</Filter>
    </Image>
    <Image Include="3DModels\m_cap_alb.png">
      <Filter>3DModels</Filter>
    </Image>
    <Image Include="3DModels\m_cap_ao.png">
      <Filter>3DModels</Filter>
    </Image>
    <Image Include="3DModels\m_cap_fxm.png">
      <Filter>3DModels</Filter>
    </Image>
    <Image Include="3DModels\m_cap_mtl.png">
      <Filter>3DModels</Filter>
    </Image>
    <Image Include="3DModels\m_cap_nrm.png">
      <Filter>3DModels</Filter>
    </Image>
    <Image Include="3DModels\m_cap_rgh.png">
      <Filter>3DModels</Filter>
    </Image>
    <Image Include="3DModels\m_clothes_alb.png">
      <Filter>3DModels</Filter>
    </Image>
    <Image Include="3DModels\m_clothes_ao.png">
      <Filter>3DModels</Filter>
    </Image>
    <Image Include="3DModels\m_clothes_emm.png">
      <Filter>3DModels</Filter>
    </Image>
    <Image Include="3DModels\m_clothes_nrm.png">
      <Filter>3DModels</Filter>
    </Image>
    <Image Include="3DModels\m_clothes_rgh.png">
      <Filter>3DModels</Filter>
    </Image>
    <Image Include="3DModels\m_eye_alb.png">
      <Filter>3DModels</Filter>
    </Image>
    <Image Include="3DModels\m_eye_nrm.png">
      <Filter>3DModels</Filter>
    </Image>
    <Image Include="3DModels\m_eyeshadow_alb.png">
      <Filter>3DModels</Filter>
    </Image>
    <Image Include="3DModels\m_fish_alb.png">
      <Filter>3DModels</Filter>
    </Image>
    <Image Include="3DModels\m_fish_nrm.png">
      <Filter>3DModels</Filter>
    </Image>
    <Image Include="3DModels\m_fish_rgh.png">
      <Filter>3DModels</Filter>
    </Image>
    <Image Include="3DModels\m_hair_alb.png">
      <Filter>3DModels</Filter>
    </Image>
    <Image Include="3DModels\m_hair_ao.png">
      <Filter>3DModels</Filter>
    </Image>
    <Image Include="3DModels\m_hair_fxm.png">
      <Filter>3DModels</Filter>
    </Image>
    <Image Include="3DModels\m_hair_nrm.png">
      <Filter>3DModels</Filter>
    </Image>
    <Image Include="3DModels\m_hair_rgh.png">
      <Filter>3DModels</Filter>
    </Image>
    <Image Include="3DModels\m_body_alb.png">
      <Filter>3DModels</Filter>
    </Image>
    <Image Include="Assets\3DModels\Terra\png\0.dds">
      <Filter>3DModels\Terra\Model\png</Filter>
    </Image>
    <Image Include="Assets\3DModels\Terra\png\1.dds">
      <Filter>3DModels\Terra\Model\png</Filter>
    </Image>
    <Image Include="Assets\3DModels\Terra\png\2.dds">
      <Filter>3DModels\Terra\Model\png</Filter>
    </Image>
    <Image Include="Assets\3DModels\Terra\png\3.dds">
      <Filter>3DModels\Terra\Model\png</Filter>
    </Image>
    <Image Include="Assets\3DModels\Terra\png\4.dds">
      <Filter>3DModels\Terra\Model\png</Filter>
    </Image>
    <Image Include="Assets\3DModels\Terra\png\5.dds">
      <Filter>3DModels\Terra\Model\png</Filter>
    </Image>
    <Image Include="Assets\3DModels\Terra\png\6.dds">
      <Filter>3DModels\Terra\Model\png</Filter>
    </Image>
    <Image Include="Assets\3DModels\Terra\png\7.dds">
      <Filter>3DModels\Terra\Model\png</Filter>
    </Image>
    <Image Include="Assets\3DModels\Terra\png\8.dds">
      <Filter>3DModels\Terra\Model\png</Filter>
    </Image>
    <Image Include="Assets\3DModels\Terra\png\9.dds">
      <Filter>3DModels\Terra\Model\png</Filter>
    </Image>
    <Image Include="Assets\3DModels\Terra\png\10.dds">
      <Filter>3DModels\Terra\Model\png</Filter>
    </Image>
    <Image Include="Assets\3DModels\Terra\png\11.dds">
      <Filter>3DModels\Terra\Model\png</Filter>
    </Image>
    <Image Include="Assets\3DModels\Terra\png\12.dds">
      <Filter>3DModels\Terra\Model\png</Filter>
    </Image>
    <Image Include="Assets\3DModels\Terra\png\13.dds">
      <Filter>3DModels\Terra\Model\png</Filter>
    </Image>
    <Image Include="Assets\3DModels\Terra\png\14.dds">
      <Filter>3DModels\Terra\Model\png</Filter>
    </Image>
    <Image Include="Assets\3DModels\Terra\png\15.dds">
      <Filter>3DModels\Terra\Model\png</Filter>
    </Image>
    <Image Include="Assets\3DModels\Terra\png\16.dds">
      <Filter>3DModels\Terra\Model\png</Filter>
    </Image>
    <Image Include="Assets\3DModels\Terra\png\17.dds">
      <Filter>3DModels\Terra\Model\png</Filter>
    </Image>
    <Image Include="Assets\3DModels\Terra\png\18.dds">
      <Filter>3DModels\Terra\Model\png</Filter>
    </Image>
    <Image Include="Assets\3DModels\Terra\png\19.dds">
      <Filter>3DModels\Terra\Model\png</Filter>
    </Image>
    <Image Include="Assets\3DModels\Terra\png\20.dds">
      <Filter>3DModels\Terra\Model\png</Filter>
    </Image>
    <Image Include="Assets\3DModels\Terra\png\21.dds">
      <Filter>3DModels\Terra\Model\png</Filter>
    </Image>
    <Image Include="Assets\3DModels\Terra\png\21_bad.dds">
      <Filter>3DModels\Terra\Model\png</Filter>
    </Image>
    <Image Include="Assets\3DModels\Terra\png\22.dds">
      <Filter>3DModels\Terra\Model\png</Filter>
    </Image>
    <Image Include="Assets\3DModels\Terra\png\23.dds">
      <Filter>3DModels\Terra\Model\png</Filter>
    </Image>
    <Image Include="Assets\3DModels\Terra\png\24.dds">
      <Filter>3DModels\Terra\Model\png</Filter>
    </Image>
    <Image Include="Assets\3DModels\Terra\png\25.dds">
      <Filter>3DModels\Terra\Model\png</Filter>
    </Image>
    <Image Include="Assets\3DModels\Terra\png\26.dds">
      <Filter>3DModels\Terra\Model\png</Filter>
    </Image>
    <Image Include="Assets\3DModels\Terra\png\27.dds">
      <Filter>3DModels\Terra\Model\png</Filter>
    </Image>
    <Image Include="Assets\3DModels\Terra\png\28.dds">
      <Filter>3DModels\Terra\Model\png</Filter>
    </Image>
    <Image Include="Assets\3DModels\Terra\png\29.dds">
      <Filter>3DModels\Terra\Model\png</Filter>
    </Image>
    <Image Include="Assets\3DModels\Terra\png\30.dds">
      <Filter>3DModels\Terra\Model\png</Filter>
    </Image>
    <Image Include="Assets\3DModels\Terra\png\31.dds">
      <Filter>3DModels\Terra\Model\png</Filter>
    </Image>
    <Image Include="Assets\3DModels\Terra\png\32.dds">
      <Filter>3DModels\Terra\Model\png</Filter>
    </Image>
    <Image Include="Assets\3DModels\Terra\png\33.dds">
      <Filter>3DModels\Terra\Model\png</Filter>
    </Image>
    <Image Include="..\..\..\..\Desktop\Terra3DModel\png\png\0.png">
      <Filter>3DModels\Terra\Model\png</Filter>
    </Image>
    <Image Include="..\..\..\..\Desktop\Terra3DModel\png\png\1.png">
      <Filter>3DModels\Terra\Model\png</Filter>
    </Image>
    <Image Include="..\..\..\..\Desktop\Terra3DModel\png\png\2.png">
      <Filter>3DModels\Terra\Model\png</Filter>
    </Image>
    <Image Include="..\..\..\..\Desktop\Terra3DModel\png\png\3.png">
      <Filter>3DModels\Terra\Model\png</Filter>
    </Image>
    <Image Include="..\..\..\..\Desktop\Terra3DModel\png\png\4.png">
      <Filter>3DModels\Terra\Model\png</Filter>
    </Image>
    <Image Include="..\..\..\..\Desktop\Terra3DModel\png\png\5.png">
      <Filter>3DModels\Terra\Model\png</Filter>
    </Image>
    <Image Include="..\..\..\..\Desktop\Terra3DModel\png\png\6.png">
      <Filter>3DModels\Terra\Model\png</Filter>
    </Image>
    <Image Include="..\..\..\..\Desktop\Terra3DModel\png\png\7.png">
      <Filter>3DModels\Terra\Model\png</Filter>
    </Image>
    <Image Include="..\..\..\..\Desktop\Terra3DModel\png\png\8.png">
      <Filter>3DModels\Terra\Model\png</Filter>
    </Image>
    <Image Include="..\..\..\..\Desktop\Terra3DModel\png\png\9.png">
      <Filter>3DModels\Terra\Model\png</Filter>
    </Image>
    <Image Include="..\..\..\..\Desktop\Terra3DModel\png\png\10.png">
      <Filter>3DModels\Terra\Model\png</Filter>
    </Image>
    <Image Include="..\..\..\..\Desktop\Terra3DModel\png\png\11.png">
      <Filter>3DModels\Terra\Model\png</Filter>
    </Image>
    <Image Include="..\..\..\..\Desktop\Terra3DModel\png\png\12.png">
      <Filter>3DModels\Terra\Model\png</Filter>
    </Image>
    <Image Include="..\..\..\..\Desktop\Terra3DModel\png\png\13.png">
      <Filter>3DModels\Terra\Model\png</Filter>
    </Image>
    <Image Include="..\..\..\..\Desktop\Terra3DModel\png\png\14.png">
      <Filter>3DModels\Terra\Model\png</Filter>
    </Image>
    <Image Include="..\..\..\..\Desktop\Terra3DModel\png\png\15.png">
      <Filter>3DModels\Terra\Model\png</Filter>
    </Image>
    <Image Include="..\..\..\..\Desktop\Terra3DModel\png\png\16.png">
      <Filter>3DModels\Terra\Model\png</Filter>
    </Image>
    <Image Include="..\..\..\..\Desktop\Terra3DModel\png\png\17.png">
      <Filter>3DModels\Terra\Model\png</Filter>
    </Image>
    <Image Include="..\..\..\..\Desktop\Terra3DModel\png\png\18.png">
      <Filter>3DModels\Terra\Model\png</Filter>
    </Image>
    <Image Include="..\..\..\..\Desktop\Terra3DModel\png\png\19.png">
      <Filter>3DModels\Terra\Model\png</Filter>
    </Image>
    <Image Include="..\..\..\..\Desktop\Terra3DModel\png\png\20.png">
      <Filter>3DModels\Terra\Model\png</Filter>
    </Image>
    <Image Include="..\..\..\..\Desktop\Terra3DModel\png\png\21.png">
      <Filter>3DModels\Terra\Model\png</Filter>
    </Image>
    <Image Include="..\..\..\..\Desktop\Terra3DModel\png\png\21_bad.png">
      <Filter>3DModels\Terra\Model\png</Filter>
    </Image>
    <Image Include="..\..\..\..\Desktop\Terra3DModel\png\png\22.png">
      <Filter>3DModels\Terra\Model\png</Filter>
    </Image>
    <Image Include="..\..\..\..\Desktop\Terra3DModel\png\png\23.png">
      <Filter>3DModels\Terra\Model\png</Filter>
    </Image>
    <Image Include="..\..\..\..\Desktop\Terra3DModel\png\png\24.png">
      <Filter>3DModels\Terra\Model\png</Filter>
    </Image>
    <Image Include="..\..\..\..\Desktop\Terra3DModel\png\png\25.png">
      <Filter>3DModels\Terra\Model\png</Filter>
    </Image>
    <Image Include="..\..\..\..\Desktop\Terra3DModel\png\png\26.png">
      <Filter>3DModels\Terra\Model\png</Filter>
    </Image>
    <Image Include="..\..\..\..\Desktop\Terra3DModel\png\png\27.png">
      <Filter>3DModels\Terra\Model\png</Filter>
    </Image>
    <Image Include="..\..\..\..\Desktop\Terra3DModel\png\png\28.png">
      <Filter>3DModels\Terra\Model\png</Filter>
    </Image>
    <Image Include="..\..\..\..\Desktop\Terra3DModel\png\png\29.png">
      <Filter>3DModels\Terra\Model\png</Filter>
    </Image>
    <Image Include="..\..\..\..\Desktop\Terra3DModel\png\png\30.png">
      <Filter>3DModels\Terra\Model\png</Filter>
    </Image>
    <Image Include="..\..\..\..\Desktop\Terra3DModel\png\png\31.png">
      <Filter>3DModels\Terra\Model\png</Filter>
    </Image>
    <Image Include="..\..\..\..\Desktop\Terra3DModel\png\png\32.png">
      <Filter>3DModels\Terra\Model\png</Filter>
    </Image>
    <Image Include="..\..\..\..\Desktop\Terra3DModel\png\png\33.png">
      <Filter>3DModels\Terra\Model\png</Filter>
    </Image>
    <Image Include="..\x64\Debug\LitEngine\AppX\3DModels\ZeldaTextures\eyes_diff.png">
      <Filter>3DModels</Filter>
    </Image>
    <Image Include="..\x64\Debug\LitEngine\AppX\3DModels\ZeldaTextures\eyesDark_diff.png">
      <Filter>3DModels</Filter>
    </Image>
    <Image Include="..\x64\Debug\LitEngine\AppX\3DModels\ZeldaTextures\hair_diff.png">
      <Filter>3DModels</Filter>
    </Image>
    <Image Include="..\x64\Debug\LitEngine\AppX\3DModels\ZeldaTextures\hairDark_diff.png">
      <Filter>3DModels</Filter>
    </Image>
    <Image Include="..\x64\Debug\LitEngine\AppX\3DModels\ZeldaTextures\hairLongDark_diff.png">
      <Filter>3DModels</Filter>
    </Image>
    <Image Include="..\x64\Debug\LitEngine\AppX\3DModels\ZeldaTextures\melee_diff.png">
      <Filter>3DModels</Filter>
    </Image>
    <Image Include="..\x64\Debug\LitEngine\AppX\3DModels\ZeldaTextures\misc_diff.png">
      <Filter>3DModels</Filter>
    </Image>
    <Image Include="..\x64\Debug\LitEngine\AppX\3DModels\ZeldaTextures\zelda_diff.png">
      <Filter>3DModels</Filter>
    </Image>
    <Image Include="..\x64\Debug\LitEngine\AppX\3DModels\ZeldaTextures\zeldaDark_diff.png">
      <Filter>3DModels</Filter>
    </Image>
  </ItemGroup>
  <ItemGroup>
    <None Include="packages.config" />
  </ItemGroup>
</Project>